{
  "name": "Billim",
  "lockfileVersion": 2,
  "requires": true,
  "packages": {
    "": {
      "dependencies": {
        "immer": "^10.0.1"
      }
    },
    "node_modules/immer": {
      "version": "10.0.1",
      "resolved": "https://registry.npmjs.org/immer/-/immer-10.0.1.tgz",
      "integrity": "sha512-zg++jJLsKKTwXGeSYIw0HgChSYQGtu0UDTnbKx5aGLYgte4CwTmH9eJDYyQ6FheyUtBe+lQW9FrGxya1G+Dtmg==",
      "funding": {
        "type": "opencollective",
        "url": "https://opencollective.com/immer"
      }
    }
  },
  "dependencies": {
    "immer": {
      "version": "10.0.1",
      "resolved": "https://registry.npmjs.org/immer/-/immer-10.0.1.tgz",
      "integrity": "sha512-zg++jJLsKKTwXGeSYIw0HgChSYQGtu0UDTnbKx5aGLYgte4CwTmH9eJDYyQ6FheyUtBe+lQW9FrGxya1G+Dtmg=="
    }
  }
}
